<?xml version="1.0" encoding="utf-8"?>
<Project ToolsVersion="4.0" xmlns="http://schemas.microsoft.com/developer/msbuild/2003">
  <ItemGroup>
    <Filter Include="Source Files">
      <UniqueIdentifier>{e87b745e-9cee-4ff9-9248-5b162d748c37}</UniqueIdentifier>
      <Extensions>cpp;c;cxx;rc;def;r;odl;idl;hpj;bat</Extensions>
    </Filter>
    <Filter Include="Header Files">
      <UniqueIdentifier>{82718c5b-c97b-40ad-ba17-fb896dc9c138}</UniqueIdentifier>
      <Extensions>h;hpp;hxx;hm;inl</Extensions>
    </Filter>
    <Filter Include="Resource Files">
      <UniqueIdentifier>{deeb5bf2-ac32-43f9-99eb-ffbf4951621d}</UniqueIdentifier>
      <Extensions>ico;cur;bmp;dlg;rc2;rct;bin;rgs;gif;jpg;jpeg;jpe</Extensions>
    </Filter>
  </ItemGroup>
  <ItemGroup>
    <ClCompile Include="DialogAudio.cpp">
      <Filter>Source Files</Filter>
    </ClCompile>
    <ClCompile Include="DialogBackConnect.cpp">
      <Filter>Source Files</Filter>
    </ClCompile>
    <ClCompile Include="DialogFaceManager.cpp">
      <Filter>Source Files</Filter>
    </ClCompile>
    <ClCompile Include="DialogFaceModify.cpp">
      <Filter>Source Files</Filter>
    </ClCompile>
    <ClCompile Include="DialogLogon.cpp">
      <Filter>Source Files</Filter>
    </ClCompile>
    <ClCompile Include="DialogOcxTest.cpp">
      <Filter>Source Files</Filter>
    </ClCompile>
    <ClCompile Include="DialogPlayer.cpp">
      <Filter>Source Files</Filter>
    </ClCompile>
    <ClCompile Include="DialogPlayerRemote.cpp">
      <Filter>Source Files</Filter>
    </ClCompile>
    <ClCompile Include="DialogTalkback.cpp">
      <Filter>Source Files</Filter>
    </ClCompile>
    <ClCompile Include="jbnvocx.cpp">
      <Filter>Source Files</Filter>
    </ClCompile>
    <ClCompile Include="JBSDKDemo.cpp">
      <Filter>Source Files</Filter>
    </ClCompile>
    <ClCompile Include="JBSDKDemoDlg.cpp">
      <Filter>Source Files</Filter>
    </ClCompile>
    <ClCompile Include="Picture.cpp">
      <Filter>Source Files</Filter>
    </ClCompile>
    <ClCompile Include="StdAfx.cpp">
      <Filter>Source Files</Filter>
    </ClCompile>
  </ItemGroup>
  <ItemGroup>
    <ResourceCompile Include="JBSDKDemo.rc">
      <Filter>Source Files</Filter>
    </ResourceCompile>
  </ItemGroup>
  <ItemGroup>
    <ClInclude Include="DialogBackConnect.h">
      <Filter>Header Files</Filter>
    </ClInclude>
    <ClInclude Include="DialogFaceManager.h">
      <Filter>Header Files</Filter>
    </ClInclude>
    <ClInclude Include="DialogFaceModify.h">
      <Filter>Header Files</Filter>
    </ClInclude>
    <ClInclude Include="DialogLogon.h">
      <Filter>Header Files</Filter>
    </ClInclude>
    <ClInclude Include="DialogOcxTest.h">
      <Filter>Header Files</Filter>
    </ClInclude>
    <ClInclude Include="DialogPlayer.h">
      <Filter>Header Files</Filter>
    </ClInclude>
    <ClInclude Include="DialogPlayerRemote.h">
      <Filter>Header Files</Filter>
    </ClInclude>
    <ClInclude Include="DialogTalkback.h">
      <Filter>Header Files</Filter>
    </ClInclude>
    <ClInclude Include="jbnvocx.h">
      <Filter>Header Files</Filter>
    </ClInclude>
    <ClInclude Include="JBSDKDemo.h">
      <Filter>Header Files</Filter>
    </ClInclude>
    <ClInclude Include="JBSDKDemoDlg.h">
      <Filter>Header Files</Filter>
    </ClInclude>
    <ClInclude Include="Picture.h">
      <Filter>Header Files</Filter>
    </ClInclude>
    <ClInclude Include="Resource.h">
      <Filter>Header Files</Filter>
    </ClInclude>
    <ClInclude Include="StdAfx.h">
      <Filter>Header Files</Filter>
    </ClInclude>
  </ItemGroup>
  <ItemGroup>
    <Image Include="JBSDKDemo.ico">
      <Filter>Resource Files</Filter>
    </Image>
  </ItemGroup>
  <ItemGroup>
    <CustomBuild Include="JBSDKDemo.rc2">
      <Filter>Resource Files</Filter>
    </CustomBuild>
  </ItemGroup>
</Project>